Microsoft Visual Studio Solution File, Format Version 12.00
# Visual Studio Version 17
VisualStudioVersion = 17.5.2.0
MinimumVisualStudioVersion = 10.0.40219.1
Project("{FAE04EC0-301F-11D3-BF4B-00C04F79EFBC}") = "PhotoStorage", "PhotoStorage\PhotoStorage.csproj", "{E9523939-0AEA-FF70-BFB0-56FB991BD457}"
EndProject
Global
	GlobalSection(SolutionConfigurationPlatforms) = preSolution
		Debug|Any CPU = Debug|Any CPU
		Release|Any CPU = Release|Any CPU
	EndGlobalSection
	GlobalSection(ProjectConfigurationPlatforms) = postSolution
		{E9523939-0AEA-FF70-BFB0-56FB991BD457}.Debug|Any CPU.ActiveCfg = Debug|Any CPU
		{E9523939-0AEA-FF70-BFB0-56FB991BD457}.Debug|Any CPU.Build.0 = Debug|Any CPU
		{E9523939-0AEA-FF70-BFB0-56FB991BD457}.Release|Any CPU.ActiveCfg = Release|Any CPU
		{E9523939-0AEA-FF70-BFB0-56FB991BD457}.Release|Any CPU.Build.0 = Release|Any CPU
	EndGlobalSection
	GlobalSection(SolutionProperties) = preSolution
		HideSolutionNode = FALSE
	EndGlobalSection
	GlobalSection(ExtensibilityGlobals) = postSolution
		SolutionGuid = {6FCD45C5-5D4B-42DA-9564-CE3B10343A1D}
	EndGlobalSection
EndGlobal
